
Microsoft Visual Studio Solution File, Format Version 12.00
# Visual Studio Version 16
VisualStudioVersion = 16.0.31729.503
MinimumVisualStudioVersion = 10.0.40219.1
Project("{9A19103F-16F7-4668-BE54-9A1E7A4F7556}") = "ReCapProject", "ReCapProject\ReCapProject.csproj", "{53736DC4-0561-48ED-BEF7-3DC497D30E36}"
EndProject
Project("{FAE04EC0-301F-11D3-BF4B-00C04F79EFBC}") = "ConsoleUII", "ConsoleUII\ConsoleUII.csproj", "{4AEAC4B2-A2EE-44D3-B4F2-22CE2E6FB42B}"
EndProject
Global
	GlobalSection(SolutionConfigurationPlatforms) = preSolution
		Debug|Any CPU = Debug|Any CPU
		Release|Any CPU = Release|Any CPU
	EndGlobalSection
	GlobalSection(ProjectConfigurationPlatforms) = postSolution
		{53736DC4-0561-48ED-BEF7-3DC497D30E36}.Debug|Any CPU.ActiveCfg = Debug|Any CPU
		{53736DC4-0561-48ED-BEF7-3DC497D30E36}.Debug|Any CPU.Build.0 = Debug|Any CPU
		{53736DC4-0561-48ED-BEF7-3DC497D30E36}.Release|Any CPU.ActiveCfg = Release|Any CPU
		{53736DC4-0561-48ED-BEF7-3DC497D30E36}.Release|Any CPU.Build.0 = Release|Any CPU
		{4AEAC4B2-A2EE-44D3-B4F2-22CE2E6FB42B}.Debug|Any CPU.ActiveCfg = Debug|Any CPU
		{4AEAC4B2-A2EE-44D3-B4F2-22CE2E6FB42B}.Debug|Any CPU.Build.0 = Debug|Any CPU
		{4AEAC4B2-A2EE-44D3-B4F2-22CE2E6FB42B}.Release|Any CPU.ActiveCfg = Release|Any CPU
		{4AEAC4B2-A2EE-44D3-B4F2-22CE2E6FB42B}.Release|Any CPU.Build.0 = Release|Any CPU
	EndGlobalSection
	GlobalSection(SolutionProperties) = preSolution
		HideSolutionNode = FALSE
	EndGlobalSection
	GlobalSection(ExtensibilityGlobals) = postSolution
		SolutionGuid = {995A147E-CE14-4C54-B009-77FC6AAED6BC}
	EndGlobalSection
EndGlobal
